// !$*UTF8*$!
{
	archiveVersion = 1;
	classes = {
	};
	objectVersion = 55;
	objects = {

/* Begin PBXBuildFile section */
		5E2A09662832A16900F0963A /* AppDelegate.swift in Sources */ = {isa = PBXBuildFile; fileRef = 5E2A09652832A16900F0963A /* AppDelegate.swift */; };
		5E2A096D2832A16A00F0963A /* Main.storyboard in Resources */ = {isa = PBXBuildFile; fileRef = 5E2A096B2832A16A00F0963A /* Main.storyboard */; };
		5E2A096F2832A16E00F0963A /* Assets.xcassets in Resources */ = {isa = PBXBuildFile; fileRef = 5E2A096E2832A16E00F0963A /* Assets.xcassets */; };
		5E2A09722832A16E00F0963A /* LaunchScreen.storyboard in Resources */ = {isa = PBXBuildFile; fileRef = 5E2A09702832A16E00F0963A /* LaunchScreen.storyboard */; };
		5E2A097D2832A16F00F0963A /* WingmanTests.swift in Sources */ = {isa = PBXBuildFile; fileRef = 5E2A097C2832A16F00F0963A /* WingmanTests.swift */; };
		5E2A09872832A16F00F0963A /* WingmanUITests.swift in Sources */ = {isa = PBXBuildFile; fileRef = 5E2A09862832A16F00F0963A /* WingmanUITests.swift */; };
		5E2A09892832A16F00F0963A /* WingmanUITestsLaunchTests.swift in Sources */ = {isa = PBXBuildFile; fileRef = 5E2A09882832A16F00F0963A /* WingmanUITestsLaunchTests.swift */; };
		5E2A09972832A61000F0963A /* Alamofire in Frameworks */ = {isa = PBXBuildFile; productRef = 5E2A09962832A61000F0963A /* Alamofire */; };
		5E2A099A2832A62F00F0963A /* SVProgressHUD in Frameworks */ = {isa = PBXBuildFile; productRef = 5E2A09992832A62F00F0963A /* SVProgressHUD */; };
		5E2A09AB2832A96900F0963A /* WMServiceWorker.swift in Sources */ = {isa = PBXBuildFile; fileRef = 5E2A09AA2832A96900F0963A /* WMServiceWorker.swift */; };
		5E2A09B32832A9FF00F0963A /* WMStorePresenter.swift in Sources */ = {isa = PBXBuildFile; fileRef = 5E2A09AD2832A9FF00F0963A /* WMStorePresenter.swift */; };
		5E2A09B42832A9FF00F0963A /* WMStoreRouter.swift in Sources */ = {isa = PBXBuildFile; fileRef = 5E2A09AE2832A9FF00F0963A /* WMStoreRouter.swift */; };
		5E2A09B52832A9FF00F0963A /* WMStoreModels.swift in Sources */ = {isa = PBXBuildFile; fileRef = 5E2A09AF2832A9FF00F0963A /* WMStoreModels.swift */; };
		5E2A09B62832A9FF00F0963A /* WMStoreViewController.swift in Sources */ = {isa = PBXBuildFile; fileRef = 5E2A09B02832A9FF00F0963A /* WMStoreViewController.swift */; };
		5E2A09B72832A9FF00F0963A /* WMStoreInteractor.swift in Sources */ = {isa = PBXBuildFile; fileRef = 5E2A09B12832A9FF00F0963A /* WMStoreInteractor.swift */; };
		5E2A09B82832A9FF00F0963A /* WMStoreConfigurator.swift in Sources */ = {isa = PBXBuildFile; fileRef = 5E2A09B22832A9FF00F0963A /* WMStoreConfigurator.swift */; };
		5ECAD3482832B76300E4EC18 /* WMStoreResponse.swift in Sources */ = {isa = PBXBuildFile; fileRef = 5ECAD3472832B76300E4EC18 /* WMStoreResponse.swift */; };
		5ECAD34A2832BA0600E4EC18 /* WMAPIEndpoint.swift in Sources */ = {isa = PBXBuildFile; fileRef = 5ECAD3492832BA0600E4EC18 /* WMAPIEndpoint.swift */; };
		5ECAD34C2832BCBF00E4EC18 /* WMAppManager.swift in Sources */ = {isa = PBXBuildFile; fileRef = 5ECAD34B2832BCBF00E4EC18 /* WMAppManager.swift */; };
		5ECAD34E2832BDD700E4EC18 /* WMViewProtocol.swift in Sources */ = {isa = PBXBuildFile; fileRef = 5ECAD34D2832BDD700E4EC18 /* WMViewProtocol.swift */; };
		5ECAD3502832C89700E4EC18 /* WMStatusCode.swift in Sources */ = {isa = PBXBuildFile; fileRef = 5ECAD34F2832C89700E4EC18 /* WMStatusCode.swift */; };
		5ECAD3532832D3E500E4EC18 /* WMExtensionString.swift in Sources */ = {isa = PBXBuildFile; fileRef = 5ECAD3522832D3E500E4EC18 /* WMExtensionString.swift */; };
/* End PBXBuildFile section */

/* Begin PBXContainerItemProxy section */
		5E2A09792832A16F00F0963A /* PBXContainerItemProxy */ = {
			isa = PBXContainerItemProxy;
			containerPortal = 5E2A095A2832A16900F0963A /* Project object */;
			proxyType = 1;
			remoteGlobalIDString = 5E2A09612832A16900F0963A;
			remoteInfo = Wingman;
		};
		5E2A09832832A16F00F0963A /* PBXContainerItemProxy */ = {
			isa = PBXContainerItemProxy;
			containerPortal = 5E2A095A2832A16900F0963A /* Project object */;
			proxyType = 1;
			remoteGlobalIDString = 5E2A09612832A16900F0963A;
			remoteInfo = Wingman;
		};
/* End PBXContainerItemProxy section */

/* Begin PBXFileReference section */
		5E2A09622832A16900F0963A /* Wingman.app */ = {isa = PBXFileReference; explicitFileType = wrapper.application; includeInIndex = 0; path = Wingman.app; sourceTree = BUILT_PRODUCTS_DIR; };
		5E2A09652832A16900F0963A /* AppDelegate.swift */ = {isa = PBXFileReference; lastKnownFileType = sourcecode.swift; path = AppDelegate.swift; sourceTree = "<group>"; };
		5E2A096C2832A16A00F0963A /* Base */ = {isa = PBXFileReference; lastKnownFileType = file.storyboard; name = Base; path = Base.lproj/Main.storyboard; sourceTree = "<group>"; };
		5E2A096E2832A16E00F0963A /* Assets.xcassets */ = {isa = PBXFileReference; lastKnownFileType = folder.assetcatalog; path = Assets.xcassets; sourceTree = "<group>"; };
		5E2A09712832A16E00F0963A /* Base */ = {isa = PBXFileReference; lastKnownFileType = file.storyboard; name = Base; path = Base.lproj/LaunchScreen.storyboard; sourceTree = "<group>"; };
		5E2A09732832A16E00F0963A /* Info.plist */ = {isa = PBXFileReference; lastKnownFileType = text.plist.xml; path = Info.plist; sourceTree = "<group>"; };
		5E2A09782832A16F00F0963A /* WingmanTests.xctest */ = {isa = PBXFileReference; explicitFileType = wrapper.cfbundle; includeInIndex = 0; path = WingmanTests.xctest; sourceTree = BUILT_PRODUCTS_DIR; };
		5E2A097C2832A16F00F0963A /* WingmanTests.swift */ = {isa = PBXFileReference; lastKnownFileType = sourcecode.swift; path = WingmanTests.swift; sourceTree = "<group>"; };
		5E2A09822832A16F00F0963A /* WingmanUITests.xctest */ = {isa = PBXFileReference; explicitFileType = wrapper.cfbundle; includeInIndex = 0; path = WingmanUITests.xctest; sourceTree = BUILT_PRODUCTS_DIR; };
		5E2A09862832A16F00F0963A /* WingmanUITests.swift */ = {isa = PBXFileReference; lastKnownFileType = sourcecode.swift; path = WingmanUITests.swift; sourceTree = "<group>"; };
		5E2A09882832A16F00F0963A /* WingmanUITestsLaunchTests.swift */ = {isa = PBXFileReference; lastKnownFileType = sourcecode.swift; path = WingmanUITestsLaunchTests.swift; sourceTree = "<group>"; };
		5E2A09AA2832A96900F0963A /* WMServiceWorker.swift */ = {isa = PBXFileReference; lastKnownFileType = sourcecode.swift; path = WMServiceWorker.swift; sourceTree = "<group>"; };
		5E2A09AD2832A9FF00F0963A /* WMStorePresenter.swift */ = {isa = PBXFileReference; lastKnownFileType = sourcecode.swift; path = WMStorePresenter.swift; sourceTree = "<group>"; };
		5E2A09AE2832A9FF00F0963A /* WMStoreRouter.swift */ = {isa = PBXFileReference; lastKnownFileType = sourcecode.swift; path = WMStoreRouter.swift; sourceTree = "<group>"; };
		5E2A09AF2832A9FF00F0963A /* WMStoreModels.swift */ = {isa = PBXFileReference; lastKnownFileType = sourcecode.swift; path = WMStoreModels.swift; sourceTree = "<group>"; };
		5E2A09B02832A9FF00F0963A /* WMStoreViewController.swift */ = {isa = PBXFileReference; lastKnownFileType = sourcecode.swift; path = WMStoreViewController.swift; sourceTree = "<group>"; };
		5E2A09B12832A9FF00F0963A /* WMStoreInteractor.swift */ = {isa = PBXFileReference; lastKnownFileType = sourcecode.swift; path = WMStoreInteractor.swift; sourceTree = "<group>"; };
		5E2A09B22832A9FF00F0963A /* WMStoreConfigurator.swift */ = {isa = PBXFileReference; lastKnownFileType = sourcecode.swift; path = WMStoreConfigurator.swift; sourceTree = "<group>"; };
		5ECAD3472832B76300E4EC18 /* WMStoreResponse.swift */ = {isa = PBXFileReference; lastKnownFileType = sourcecode.swift; path = WMStoreResponse.swift; sourceTree = "<group>"; };
		5ECAD3492832BA0600E4EC18 /* WMAPIEndpoint.swift */ = {isa = PBXFileReference; lastKnownFileType = sourcecode.swift; path = WMAPIEndpoint.swift; sourceTree = "<group>"; };
		5ECAD34B2832BCBF00E4EC18 /* WMAppManager.swift */ = {isa = PBXFileReference; lastKnownFileType = sourcecode.swift; path = WMAppManager.swift; sourceTree = "<group>"; };
		5ECAD34D2832BDD700E4EC18 /* WMViewProtocol.swift */ = {isa = PBXFileReference; lastKnownFileType = sourcecode.swift; path = WMViewProtocol.swift; sourceTree = "<group>"; };
		5ECAD34F2832C89700E4EC18 /* WMStatusCode.swift */ = {isa = PBXFileReference; lastKnownFileType = sourcecode.swift; path = WMStatusCode.swift; sourceTree = "<group>"; };
		5ECAD3522832D3E500E4EC18 /* WMExtensionString.swift */ = {isa = PBXFileReference; lastKnownFileType = sourcecode.swift; path = WMExtensionString.swift; sourceTree = "<group>"; };
/* End PBXFileReference section */

/* Begin PBXFrameworksBuildPhase section */
		5E2A095F2832A16900F0963A /* Frameworks */ = {
			isa = PBXFrameworksBuildPhase;
			buildActionMask = 2147483647;
			files = (
				5E2A099A2832A62F00F0963A /* SVProgressHUD in Frameworks */,
				5E2A09972832A61000F0963A /* Alamofire in Frameworks */,
			);
			runOnlyForDeploymentPostprocessing = 0;
		};
		5E2A09752832A16F00F0963A /* Frameworks */ = {
			isa = PBXFrameworksBuildPhase;
			buildActionMask = 2147483647;
			files = (
			);
			runOnlyForDeploymentPostprocessing = 0;
		};
		5E2A097F2832A16F00F0963A /* Frameworks */ = {
			isa = PBXFrameworksBuildPhase;
			buildActionMask = 2147483647;
			files = (
			);
			runOnlyForDeploymentPostprocessing = 0;
		};
/* End PBXFrameworksBuildPhase section */

/* Begin PBXGroup section */
		5E2A09592832A16900F0963A = {
			isa = PBXGroup;
			children = (
				5E2A09642832A16900F0963A /* Wingman */,
				5E2A097B2832A16F00F0963A /* WingmanTests */,
				5E2A09852832A16F00F0963A /* WingmanUITests */,
				5E2A09632832A16900F0963A /* Products */,
			);
			sourceTree = "<group>";
		};
		5E2A09632832A16900F0963A /* Products */ = {
			isa = PBXGroup;
			children = (
				5E2A09622832A16900F0963A /* Wingman.app */,
				5E2A09782832A16F00F0963A /* WingmanTests.xctest */,
				5E2A09822832A16F00F0963A /* WingmanUITests.xctest */,
			);
			name = Products;
			sourceTree = "<group>";
		};
		5E2A09642832A16900F0963A /* Wingman */ = {
			isa = PBXGroup;
			children = (
				5E2A09652832A16900F0963A /* AppDelegate.swift */,
				5ECAD34B2832BCBF00E4EC18 /* WMAppManager.swift */,
				5ECAD3522832D3E500E4EC18 /* WMExtensionString.swift */,
				5ECAD34D2832BDD700E4EC18 /* WMViewProtocol.swift */,
				5E2A096E2832A16E00F0963A /* Assets.xcassets */,
				5ECAD3512832CBD100E4EC18 /* Services */,
				5E2A09A82832A91400F0963A /* Store */,
				5E2A099B2832A8DB00F0963A /* Support Files */,
			);
			path = Wingman;
			sourceTree = "<group>";
		};
		5E2A097B2832A16F00F0963A /* WingmanTests */ = {
			isa = PBXGroup;
			children = (
				5E2A097C2832A16F00F0963A /* WingmanTests.swift */,
			);
			path = WingmanTests;
			sourceTree = "<group>";
		};
		5E2A09852832A16F00F0963A /* WingmanUITests */ = {
			isa = PBXGroup;
			children = (
				5E2A09862832A16F00F0963A /* WingmanUITests.swift */,
				5E2A09882832A16F00F0963A /* WingmanUITestsLaunchTests.swift */,
			);
			path = WingmanUITests;
			sourceTree = "<group>";
		};
		5E2A099B2832A8DB00F0963A /* Support Files */ = {
			isa = PBXGroup;
			children = (
				5E2A09702832A16E00F0963A /* LaunchScreen.storyboard */,
				5E2A09732832A16E00F0963A /* Info.plist */,
			);
			path = "Support Files";
			sourceTree = "<group>";
		};
		5E2A09A82832A91400F0963A /* Store */ = {
			isa = PBXGroup;
			children = (
				5E2A09B22832A9FF00F0963A /* WMStoreConfigurator.swift */,
				5E2A09B12832A9FF00F0963A /* WMStoreInteractor.swift */,
				5E2A09AF2832A9FF00F0963A /* WMStoreModels.swift */,
				5E2A09AD2832A9FF00F0963A /* WMStorePresenter.swift */,
				5E2A09AE2832A9FF00F0963A /* WMStoreRouter.swift */,
				5E2A09B02832A9FF00F0963A /* WMStoreViewController.swift */,
				5E2A09AC2832A97400F0963A /* View */,
			);
			path = Store;
			sourceTree = "<group>";
		};
		5E2A09AC2832A97400F0963A /* View */ = {
			isa = PBXGroup;
			children = (
				5E2A096B2832A16A00F0963A /* Main.storyboard */,
			);
			path = View;
			sourceTree = "<group>";
		};
		5ECAD3512832CBD100E4EC18 /* Services */ = {
			isa = PBXGroup;
			children = (
				5ECAD3492832BA0600E4EC18 /* WMAPIEndpoint.swift */,
				5E2A09AA2832A96900F0963A /* WMServiceWorker.swift */,
				5ECAD34F2832C89700E4EC18 /* WMStatusCode.swift */,
				5ECAD3472832B76300E4EC18 /* WMStoreResponse.swift */,
			);
			path = Services;
			sourceTree = "<group>";
		};
/* End PBXGroup section */

/* Begin PBXNativeTarget section */
		5E2A09612832A16900F0963A /* Wingman */ = {
			isa = PBXNativeTarget;
			buildConfigurationList = 5E2A098C2832A16F00F0963A /* Build configuration list for PBXNativeTarget "Wingman" */;
			buildPhases = (
				5E2A095E2832A16900F0963A /* Sources */,
				5E2A095F2832A16900F0963A /* Frameworks */,
				5E2A09602832A16900F0963A /* Resources */,
			);
			buildRules = (
			);
			dependencies = (
			);
			name = Wingman;
			packageProductDependencies = (
				5E2A09962832A61000F0963A /* Alamofire */,
				5E2A09992832A62F00F0963A /* SVProgressHUD */,
			);
			productName = Wingman;
			productReference = 5E2A09622832A16900F0963A /* Wingman.app */;
			productType = "com.apple.product-type.application";
		};
		5E2A09772832A16F00F0963A /* WingmanTests */ = {
			isa = PBXNativeTarget;
			buildConfigurationList = 5E2A098F2832A16F00F0963A /* Build configuration list for PBXNativeTarget "WingmanTests" */;
			buildPhases = (
				5E2A09742832A16F00F0963A /* Sources */,
				5E2A09752832A16F00F0963A /* Frameworks */,
				5E2A09762832A16F00F0963A /* Resources */,
			);
			buildRules = (
			);
			dependencies = (
				5E2A097A2832A16F00F0963A /* PBXTargetDependency */,
			);
			name = WingmanTests;
			productName = WingmanTests;
			productReference = 5E2A09782832A16F00F0963A /* WingmanTests.xctest */;
			productType = "com.apple.product-type.bundle.unit-test";
		};
		5E2A09812832A16F00F0963A /* WingmanUITests */ = {
			isa = PBXNativeTarget;
			buildConfigurationList = 5E2A09922832A16F00F0963A /* Build configuration list for PBXNativeTarget "WingmanUITests" */;
			buildPhases = (
				5E2A097E2832A16F00F0963A /* Sources */,
				5E2A097F2832A16F00F0963A /* Frameworks */,
				5E2A09802832A16F00F0963A /* Resources */,
			);
			buildRules = (
			);
			dependencies = (
				5E2A09842832A16F00F0963A /* PBXTargetDependency */,
			);
			name = WingmanUITests;
			productName = WingmanUITests;
			productReference = 5E2A09822832A16F00F0963A /* WingmanUITests.xctest */;
			productType = "com.apple.product-type.bundle.ui-testing";
		};
/* End PBXNativeTarget section */

/* Begin PBXProject section */
		5E2A095A2832A16900F0963A /* Project object */ = {
			isa = PBXProject;
			attributes = {
				BuildIndependentTargetsInParallel = 1;
				LastSwiftUpdateCheck = 1330;
				LastUpgradeCheck = 1330;
				TargetAttributes = {
					5E2A09612832A16900F0963A = {
						CreatedOnToolsVersion = 13.3.1;
					};
					5E2A09772832A16F00F0963A = {
						CreatedOnToolsVersion = 13.3.1;
						TestTargetID = 5E2A09612832A16900F0963A;
					};
					5E2A09812832A16F00F0963A = {
						CreatedOnToolsVersion = 13.3.1;
						TestTargetID = 5E2A09612832A16900F0963A;
					};
				};
			};
			buildConfigurationList = 5E2A095D2832A16900F0963A /* Build configuration list for PBXProject "Wingman" */;
			compatibilityVersion = "Xcode 13.0";
			developmentRegion = en;
			hasScannedForEncodings = 0;
			knownRegions = (
				en,
				Base,
			);
			mainGroup = 5E2A09592832A16900F0963A;
			packageReferences = (
				5E2A09952832A61000F0963A /* XCRemoteSwiftPackageReference "Alamofire" */,
				5E2A09982832A62F00F0963A /* XCRemoteSwiftPackageReference "SVProgressHUD" */,
			);
			productRefGroup = 5E2A09632832A16900F0963A /* Products */;
			projectDirPath = "";
			projectRoot = "";
			targets = (
				5E2A09612832A16900F0963A /* Wingman */,
				5E2A09772832A16F00F0963A /* WingmanTests */,
				5E2A09812832A16F00F0963A /* WingmanUITests */,
			);
		};
/* End PBXProject section */

/* Begin PBXResourcesBuildPhase section */
		5E2A09602832A16900F0963A /* Resources */ = {
			isa = PBXResourcesBuildPhase;
			buildActionMask = 2147483647;
			files = (
				5E2A09722832A16E00F0963A /* LaunchScreen.storyboard in Resources */,
				5E2A096F2832A16E00F0963A /* Assets.xcassets in Resources */,
				5E2A096D2832A16A00F0963A /* Main.storyboard in Resources */,
			);
			runOnlyForDeploymentPostprocessing = 0;
		};
		5E2A09762832A16F00F0963A /* Resources */ = {
			isa = PBXResourcesBuildPhase;
			buildActionMask = 2147483647;
			files = (
			);
			runOnlyForDeploymentPostprocessing = 0;
		};
		5E2A09802832A16F00F0963A /* Resources */ = {
			isa = PBXResourcesBuildPhase;
			buildActionMask = 2147483647;
			files = (
			);
			runOnlyForDeploymentPostprocessing = 0;
		};
/* End PBXResourcesBuildPhase section */

/* Begin PBXSourcesBuildPhase section */
		5E2A095E2832A16900F0963A /* Sources */ = {
			isa = PBXSourcesBuildPhase;
			buildActionMask = 2147483647;
			files = (
				5E2A09B82832A9FF00F0963A /* WMStoreConfigurator.swift in Sources */,
				5ECAD34A2832BA0600E4EC18 /* WMAPIEndpoint.swift in Sources */,
				5E2A09B42832A9FF00F0963A /* WMStoreRouter.swift in Sources */,
				5E2A09B32832A9FF00F0963A /* WMStorePresenter.swift in Sources */,
				5E2A09B62832A9FF00F0963A /* WMStoreViewController.swift in Sources */,
				5E2A09AB2832A96900F0963A /* WMServiceWorker.swift in Sources */,
				5ECAD34C2832BCBF00E4EC18 /* WMAppManager.swift in Sources */,
				5E2A09B52832A9FF00F0963A /* WMStoreModels.swift in Sources */,
				5E2A09B72832A9FF00F0963A /* WMStoreInteractor.swift in Sources */,
				5ECAD3482832B76300E4EC18 /* WMStoreResponse.swift in Sources */,
				5ECAD34E2832BDD700E4EC18 /* WMViewProtocol.swift in Sources */,
				5ECAD3502832C89700E4EC18 /* WMStatusCode.swift in Sources */,
				5ECAD3532832D3E500E4EC18 /* WMExtensionString.swift in Sources */,
				5E2A09662832A16900F0963A /* AppDelegate.swift in Sources */,
			);
			runOnlyForDeploymentPostprocessing = 0;
		};
		5E2A09742832A16F00F0963A /* Sources */ = {
			isa = PBXSourcesBuildPhase;
			buildActionMask = 2147483647;
			files = (
				5E2A097D2832A16F00F0963A /* WingmanTests.swift in Sources */,
			);
			runOnlyForDeploymentPostprocessing = 0;
		};
		5E2A097E2832A16F00F0963A /* Sources */ = {
			isa = PBXSourcesBuildPhase;
			buildActionMask = 2147483647;
			files = (
				5E2A09892832A16F00F0963A /* WingmanUITestsLaunchTests.swift in Sources */,
				5E2A09872832A16F00F0963A /* WingmanUITests.swift in Sources */,
			);
			runOnlyForDeploymentPostprocessing = 0;
		};
/* End PBXSourcesBuildPhase section */

/* Begin PBXTargetDependency section */
		5E2A097A2832A16F00F0963A /* PBXTargetDependency */ = {
			isa = PBXTargetDependency;
			target = 5E2A09612832A16900F0963A /* Wingman */;
			targetProxy = 5E2A09792832A16F00F0963A /* PBXContainerItemProxy */;
		};
		5E2A09842832A16F00F0963A /* PBXTargetDependency */ = {
			isa = PBXTargetDependency;
			target = 5E2A09612832A16900F0963A /* Wingman */;
			targetProxy = 5E2A09832832A16F00F0963A /* PBXContainerItemProxy */;
		};
/* End PBXTargetDependency section */

/* Begin PBXVariantGroup section */
		5E2A096B2832A16A00F0963A /* Main.storyboard */ = {
			isa = PBXVariantGroup;
			children = (
				5E2A096C2832A16A00F0963A /* Base */,
			);
			name = Main.storyboard;
			sourceTree = "<group>";
		};
		5E2A09702832A16E00F0963A /* LaunchScreen.storyboard */ = {
			isa = PBXVariantGroup;
			children = (
				5E2A09712832A16E00F0963A /* Base */,
			);
			name = LaunchScreen.storyboard;
			sourceTree = "<group>";
		};
/* End PBXVariantGroup section */

/* Begin XCBuildConfiguration section */
		5E2A098A2832A16F00F0963A /* Debug */ = {
			isa = XCBuildConfiguration;
			buildSettings = {
				ALWAYS_SEARCH_USER_PATHS = NO;
				CLANG_ANALYZER_NONNULL = YES;
				CLANG_ANALYZER_NUMBER_OBJECT_CONVERSION = YES_AGGRESSIVE;
				CLANG_CXX_LANGUAGE_STANDARD = "gnu++17";
				CLANG_ENABLE_MODULES = YES;
				CLANG_ENABLE_OBJC_ARC = YES;
				CLANG_ENABLE_OBJC_WEAK = YES;
				CLANG_WARN_BLOCK_CAPTURE_AUTORELEASING = YES;
				CLANG_WARN_BOOL_CONVERSION = YES;
				CLANG_WARN_COMMA = YES;
				CLANG_WARN_CONSTANT_CONVERSION = YES;
				CLANG_WARN_DEPRECATED_OBJC_IMPLEMENTATIONS = YES;
				CLANG_WARN_DIRECT_OBJC_ISA_USAGE = YES_ERROR;
				CLANG_WARN_DOCUMENTATION_COMMENTS = YES;
				CLANG_WARN_EMPTY_BODY = YES;
				CLANG_WARN_ENUM_CONVERSION = YES;
				CLANG_WARN_INFINITE_RECURSION = YES;
				CLANG_WARN_INT_CONVERSION = YES;
				CLANG_WARN_NON_LITERAL_NULL_CONVERSION = YES;
				CLANG_WARN_OBJC_IMPLICIT_RETAIN_SELF = YES;
				CLANG_WARN_OBJC_LITERAL_CONVERSION = YES;
				CLANG_WARN_OBJC_ROOT_CLASS = YES_ERROR;
				CLANG_WARN_QUOTED_INCLUDE_IN_FRAMEWORK_HEADER = YES;
				CLANG_WARN_RANGE_LOOP_ANALYSIS = YES;
				CLANG_WARN_STRICT_PROTOTYPES = YES;
				CLANG_WARN_SUSPICIOUS_MOVE = YES;
				CLANG_WARN_UNGUARDED_AVAILABILITY = YES_AGGRESSIVE;
				CLANG_WARN_UNREACHABLE_CODE = YES;
				CLANG_WARN__DUPLICATE_METHOD_MATCH = YES;
				COPY_PHASE_STRIP = NO;
				DEBUG_INFORMATION_FORMAT = dwarf;
				ENABLE_STRICT_OBJC_MSGSEND = YES;
				ENABLE_TESTABILITY = YES;
				GCC_C_LANGUAGE_STANDARD = gnu11;
				GCC_DYNAMIC_NO_PIC = NO;
				GCC_NO_COMMON_BLOCKS = YES;
				GCC_OPTIMIZATION_LEVEL = 0;
				GCC_PREPROCESSOR_DEFINITIONS = (
					"DEBUG=1",
					"$(inherited)",
				);
				GCC_WARN_64_TO_32_BIT_CONVERSION = YES;
				GCC_WARN_ABOUT_RETURN_TYPE = YES_ERROR;
				GCC_WARN_UNDECLARED_SELECTOR = YES;
				GCC_WARN_UNINITIALIZED_AUTOS = YES_AGGRESSIVE;
				GCC_WARN_UNUSED_FUNCTION = YES;
				GCC_WARN_UNUSED_VARIABLE = YES;
				IPHONEOS_DEPLOYMENT_TARGET = 11.0;
				MTL_ENABLE_DEBUG_INFO = INCLUDE_SOURCE;
				MTL_FAST_MATH = YES;
				ONLY_ACTIVE_ARCH = YES;
				SDKROOT = iphoneos;
				SWIFT_ACTIVE_COMPILATION_CONDITIONS = DEBUG;
				SWIFT_OPTIMIZATION_LEVEL = "-Onone";
			};
			name = Debug;
		};
		5E2A098B2832A16F00F0963A /* Release */ = {
			isa = XCBuildConfiguration;
			buildSettings = {
				ALWAYS_SEARCH_USER_PATHS = NO;
				CLANG_ANALYZER_NONNULL = YES;
				CLANG_ANALYZER_NUMBER_OBJECT_CONVERSION = YES_AGGRESSIVE;
				CLANG_CXX_LANGUAGE_STANDARD = "gnu++17";
				CLANG_ENABLE_MODULES = YES;
				CLANG_ENABLE_OBJC_ARC = YES;
				CLANG_ENABLE_OBJC_WEAK = YES;
				CLANG_WARN_BLOCK_CAPTURE_AUTORELEASING = YES;
				CLANG_WARN_BOOL_CONVERSION = YES;
				CLANG_WARN_COMMA = YES;
				CLANG_WARN_CONSTANT_CONVERSION = YES;
				CLANG_WARN_DEPRECATED_OBJC_IMPLEMENTATIONS = YES;
				CLANG_WARN_DIRECT_OBJC_ISA_USAGE = YES_ERROR;
				CLANG_WARN_DOCUMENTATION_COMMENTS = YES;
				CLANG_WARN_EMPTY_BODY = YES;
				CLANG_WARN_ENUM_CONVERSION = YES;
				CLANG_WARN_INFINITE_RECURSION = YES;
				CLANG_WARN_INT_CONVERSION = YES;
				CLANG_WARN_NON_LITERAL_NULL_CONVERSION = YES;
				CLANG_WARN_OBJC_IMPLICIT_RETAIN_SELF = YES;
				CLANG_WARN_OBJC_LITERAL_CONVERSION = YES;
				CLANG_WARN_OBJC_ROOT_CLASS = YES_ERROR;
				CLANG_WARN_QUOTED_INCLUDE_IN_FRAMEWORK_HEADER = YES;
				CLANG_WARN_RANGE_LOOP_ANALYSIS = YES;
				CLANG_WARN_STRICT_PROTOTYPES = YES;
				CLANG_WARN_SUSPICIOUS_MOVE = YES;
				CLANG_WARN_UNGUARDED_AVAILABILITY = YES_AGGRESSIVE;
				CLANG_WARN_UNREACHABLE_CODE = YES;
				CLANG_WARN__DUPLICATE_METHOD_MATCH = YES;
				COPY_PHASE_STRIP = NO;
				DEBUG_INFORMATION_FORMAT = "dwarf-with-dsym";
				ENABLE_NS_ASSERTIONS = NO;
				ENABLE_STRICT_OBJC_MSGSEND = YES;
				GCC_C_LANGUAGE_STANDARD = gnu11;
				GCC_NO_COMMON_BLOCKS = YES;
				GCC_WARN_64_TO_32_BIT_CONVERSION = YES;
				GCC_WARN_ABOUT_RETURN_TYPE = YES_ERROR;
				GCC_WARN_UNDECLARED_SELECTOR = YES;
				GCC_WARN_UNINITIALIZED_AUTOS = YES_AGGRESSIVE;
				GCC_WARN_UNUSED_FUNCTION = YES;
				GCC_WARN_UNUSED_VARIABLE = YES;
				IPHONEOS_DEPLOYMENT_TARGET = 11.0;
				MTL_ENABLE_DEBUG_INFO = NO;
				MTL_FAST_MATH = YES;
				SDKROOT = iphoneos;
				SWIFT_COMPILATION_MODE = wholemodule;
				SWIFT_OPTIMIZATION_LEVEL = "-O";
				VALIDATE_PRODUCT = YES;
			};
			name = Release;
		};
		5E2A098D2832A16F00F0963A /* Debug */ = {
			isa = XCBuildConfiguration;
			buildSettings = {
				ASSETCATALOG_COMPILER_APPICON_NAME = AppIcon;
				ASSETCATALOG_COMPILER_GLOBAL_ACCENT_COLOR_NAME = AccentColor;
				CODE_SIGN_STYLE = Automatic;
				CURRENT_PROJECT_VERSION = 1;
				DEVELOPMENT_TEAM = TK4LN4TVU3;
				GENERATE_INFOPLIST_FILE = YES;
				INFOPLIST_FILE = "Wingman/Support Files/Info.plist";
				INFOPLIST_KEY_UIApplicationSupportsIndirectInputEvents = YES;
				INFOPLIST_KEY_UILaunchStoryboardName = LaunchScreen;
				INFOPLIST_KEY_UISupportedInterfaceOrientations_iPhone = "UIInterfaceOrientationPortrait UIInterfaceOrientationLandscapeLeft UIInterfaceOrientationLandscapeRight";
				LD_RUNPATH_SEARCH_PATHS = (
					"$(inherited)",
					"@executable_path/Frameworks",
				);
				MARKETING_VERSION = 1.0;
				PRODUCT_BUNDLE_IDENTIFIER = com.ks.Wingman;
				PRODUCT_NAME = "$(TARGET_NAME)";
				SWIFT_EMIT_LOC_STRINGS = YES;
				SWIFT_VERSION = 5.0;
				TARGETED_DEVICE_FAMILY = 1;
			};
			name = Debug;
		};
		5E2A098E2832A16F00F0963A /* Release */ = {
			isa = XCBuildConfiguration;
			buildSettings = {
				ASSETCATALOG_COMPILER_APPICON_NAME = AppIcon;
				ASSETCATALOG_COMPILER_GLOBAL_ACCENT_COLOR_NAME = AccentColor;
				CODE_SIGN_STYLE = Automatic;
				CURRENT_PROJECT_VERSION = 1;
				DEVELOPMENT_TEAM = TK4LN4TVU3;
				GENERATE_INFOPLIST_FILE = YES;
				INFOPLIST_FILE = "Wingman/Support Files/Info.plist";
				INFOPLIST_KEY_UIApplicationSupportsIndirectInputEvents = YES;
				INFOPLIST_KEY_UILaunchStoryboardName = LaunchScreen;
				INFOPLIST_KEY_UISupportedInterfaceOrientations_iPhone = "UIInterfaceOrientationPortrait UIInterfaceOrientationLandscapeLeft UIInterfaceOrientationLandscapeRight";
				LD_RUNPATH_SEARCH_PATHS = (
					"$(inherited)",
					"@executable_path/Frameworks",
				);
				MARKETING_VERSION = 1.0;
				PRODUCT_BUNDLE_IDENTIFIER = com.ks.Wingman;
				PRODUCT_NAME = "$(TARGET_NAME)";
				SWIFT_EMIT_LOC_STRINGS = YES;
				SWIFT_VERSION = 5.0;
				TARGETED_DEVICE_FAMILY = 1;
			};
			name = Release;
		};
		5E2A09902832A16F00F0963A /* Debug */ = {
			isa = XCBuildConfiguration;
			buildSettings = {
				ALWAYS_EMBED_SWIFT_STANDARD_LIBRARIES = YES;
				BUNDLE_LOADER = "$(TEST_HOST)";
				CODE_SIGN_STYLE = Automatic;
				CURRENT_PROJECT_VERSION = 1;
				DEVELOPMENT_TEAM = TK4LN4TVU3;
				GENERATE_INFOPLIST_FILE = YES;
				IPHONEOS_DEPLOYMENT_TARGET = 15.4;
				MARKETING_VERSION = 1.0;
				PRODUCT_BUNDLE_IDENTIFIER = com.ks.WingmanTests;
				PRODUCT_NAME = "$(TARGET_NAME)";
				SWIFT_EMIT_LOC_STRINGS = NO;
				SWIFT_VERSION = 5.0;
				TARGETED_DEVICE_FAMILY = "1,2";
				TEST_HOST = "$(BUILT_PRODUCTS_DIR)/Wingman.app/Wingman";
			};
			name = Debug;
		};
		5E2A09912832A16F00F0963A /* Release */ = {
			isa = XCBuildConfiguration;
			buildSettings = {
				ALWAYS_EMBED_SWIFT_STANDARD_LIBRARIES = YES;
				BUNDLE_LOADER = "$(TEST_HOST)";
				CODE_SIGN_STYLE = Automatic;
				CURRENT_PROJECT_VERSION = 1;
				DEVELOPMENT_TEAM = TK4LN4TVU3;
				GENERATE_INFOPLIST_FILE = YES;
				IPHONEOS_DEPLOYMENT_TARGET = 15.4;
				MARKETING_VERSION = 1.0;
				PRODUCT_BUNDLE_IDENTIFIER = com.ks.WingmanTests;
				PRODUCT_NAME = "$(TARGET_NAME)";
				SWIFT_EMIT_LOC_STRINGS = NO;
				SWIFT_VERSION = 5.0;
				TARGETED_DEVICE_FAMILY = "1,2";
				TEST_HOST = "$(BUILT_PRODUCTS_DIR)/Wingman.app/Wingman";
			};
			name = Release;
		};
		5E2A09932832A16F00F0963A /* Debug */ = {
			isa = XCBuildConfiguration;
			buildSettings = {
				ALWAYS_EMBED_SWIFT_STANDARD_LIBRARIES = YES;
				CODE_SIGN_STYLE = Automatic;
				CURRENT_PROJECT_VERSION = 1;
				DEVELOPMENT_TEAM = TK4LN4TVU3;
				GENERATE_INFOPLIST_FILE = YES;
				MARKETING_VERSION = 1.0;
				PRODUCT_BUNDLE_IDENTIFIER = com.ks.WingmanUITests;
				PRODUCT_NAME = "$(TARGET_NAME)";
				SWIFT_EMIT_LOC_STRINGS = NO;
				SWIFT_VERSION = 5.0;
				TARGETED_DEVICE_FAMILY = "1,2";
				TEST_TARGET_NAME = Wingman;
			};
			name = Debug;
		};
		5E2A09942832A16F00F0963A /* Release */ = {
			isa = XCBuildConfiguration;
			buildSettings = {
				ALWAYS_EMBED_SWIFT_STANDARD_LIBRARIES = YES;
				CODE_SIGN_STYLE = Automatic;
				CURRENT_PROJECT_VERSION = 1;
				DEVELOPMENT_TEAM = TK4LN4TVU3;
				GENERATE_INFOPLIST_FILE = YES;
				MARKETING_VERSION = 1.0;
				PRODUCT_BUNDLE_IDENTIFIER = com.ks.WingmanUITests;
				PRODUCT_NAME = "$(TARGET_NAME)";
				SWIFT_EMIT_LOC_STRINGS = NO;
				SWIFT_VERSION = 5.0;
				TARGETED_DEVICE_FAMILY = "1,2";
				TEST_TARGET_NAME = Wingman;
			};
			name = Release;
		};
/* End XCBuildConfiguration section */

/* Begin XCConfigurationList section */
		5E2A095D2832A16900F0963A /* Build configuration list for PBXProject "Wingman" */ = {
			isa = XCConfigurationList;
			buildConfigurations = (
				5E2A098A2832A16F00F0963A /* Debug */,
				5E2A098B2832A16F00F0963A /* Release */,
			);
			defaultConfigurationIsVisible = 0;
			defaultConfigurationName = Release;
		};
		5E2A098C2832A16F00F0963A /* Build configuration list for PBXNativeTarget "Wingman" */ = {
			isa = XCConfigurationList;
			buildConfigurations = (
				5E2A098D2832A16F00F0963A /* Debug */,
				5E2A098E2832A16F00F0963A /* Release */,
			);
			defaultConfigurationIsVisible = 0;
			defaultConfigurationName = Release;
		};
		5E2A098F2832A16F00F0963A /* Build configuration list for PBXNativeTarget "WingmanTests" */ = {
			isa = XCConfigurationList;
			buildConfigurations = (
				5E2A09902832A16F00F0963A /* Debug */,
				5E2A09912832A16F00F0963A /* Release */,
			);
			defaultConfigurationIsVisible = 0;
			defaultConfigurationName = Release;
		};
		5E2A09922832A16F00F0963A /* Build configuration list for PBXNativeTarget "WingmanUITests" */ = {
			isa = XCConfigurationList;
			buildConfigurations = (
				5E2A09932832A16F00F0963A /* Debug */,
				5E2A09942832A16F00F0963A /* Release */,
			);
			defaultConfigurationIsVisible = 0;
			defaultConfigurationName = Release;
		};
/* End XCConfigurationList section */

/* Begin XCRemoteSwiftPackageReference section */
		5E2A09952832A61000F0963A /* XCRemoteSwiftPackageReference "Alamofire" */ = {
			isa = XCRemoteSwiftPackageReference;
			repositoryURL = "https://github.com/Alamofire/Alamofire";
			requirement = {
				kind = upToNextMajorVersion;
				minimumVersion = 5.0.0;
			};
		};
		5E2A09982832A62F00F0963A /* XCRemoteSwiftPackageReference "SVProgressHUD" */ = {
			isa = XCRemoteSwiftPackageReference;
			repositoryURL = "https://github.com/kiroskirin/SVProgressHUD";
			requirement = {
				branch = master;
				kind = branch;
			};
		};
/* End XCRemoteSwiftPackageReference section */

/* Begin XCSwiftPackageProductDependency section */
		5E2A09962832A61000F0963A /* Alamofire */ = {
			isa = XCSwiftPackageProductDependency;
			package = 5E2A09952832A61000F0963A /* XCRemoteSwiftPackageReference "Alamofire" */;
			productName = Alamofire;
		};
		5E2A09992832A62F00F0963A /* SVProgressHUD */ = {
			isa = XCSwiftPackageProductDependency;
			package = 5E2A09982832A62F00F0963A /* XCRemoteSwiftPackageReference "SVProgressHUD" */;
			productName = SVProgressHUD;
		};
/* End XCSwiftPackageProductDependency section */
	};
	rootObject = 5E2A095A2832A16900F0963A /* Project object */;
}
